{
  "requires": true,
  "lockfileVersion": 1,
  "dependencies": {
    "tki-qrcode": {
      "version": "0.1.6",
      "resolved": "https://registry.npmjs.org/tki-qrcode/-/tki-qrcode-0.1.6.tgz",
      "integrity": "sha512-EnnlS8psowC7PsW3MDYcxvJYkuklX3WAZ/BYanR4TdBHTu74GfjTBX8Y16REP+AeDENiVtBPh4jtTRL2P736hQ=="
    }
  }
}
